
Microsoft Visual Studio Solution File, Format Version 12.00
# Visual Studio Version 17
VisualStudioVersion = 17.14.36623.8 d17.14
MinimumVisualStudioVersion = 10.0.40219.1
Project("{FAE04EC0-301F-11D3-BF4B-00C04F79EFBC}") = "Zadacha", "Zadacha\Zadacha.csproj", "{CC78B0F0-760A-49F2-8B83-5BB0BE7F9894}"
EndProject
Global
	GlobalSection(SolutionConfigurationPlatforms) = preSolution
		Debug|Any CPU = Debug|Any CPU
		Release|Any CPU = Release|Any CPU
	EndGlobalSection
	GlobalSection(ProjectConfigurationPlatforms) = postSolution
		{CC78B0F0-760A-49F2-8B83-5BB0BE7F9894}.Debug|Any CPU.ActiveCfg = Debug|Any CPU
		{CC78B0F0-760A-49F2-8B83-5BB0BE7F9894}.Debug|Any CPU.Build.0 = Debug|Any CPU
		{CC78B0F0-760A-49F2-8B83-5BB0BE7F9894}.Release|Any CPU.ActiveCfg = Release|Any CPU
		{CC78B0F0-760A-49F2-8B83-5BB0BE7F9894}.Release|Any CPU.Build.0 = Release|Any CPU
	EndGlobalSection
	GlobalSection(SolutionProperties) = preSolution
		HideSolutionNode = FALSE
	EndGlobalSection
	GlobalSection(ExtensibilityGlobals) = postSolution
		SolutionGuid = {FEEB8701-5687-4FCA-AF2F-B0E029592C12}
	EndGlobalSection
EndGlobal
